// !$*UTF8*$!
{
	archiveVersion = 1;
	classes = {
	};
	objectVersion = 46;
	objects = {

/* Begin PBXBuildFile section */
		2A00DCF61C1B1903005089F2 /* SearchByClient.swift in Sources */ = {isa = PBXBuildFile; fileRef = 2A00DCF51C1B1903005089F2 /* SearchByClient.swift */; };
		2A00DCF81C1B26F9005089F2 /* EndpointEnum.swift in Sources */ = {isa = PBXBuildFile; fileRef = 2A00DCF71C1B26F9005089F2 /* EndpointEnum.swift */; };
		2A0439E61C19F4FD00E177D6 /* ParameterConstants.swift in Sources */ = {isa = PBXBuildFile; fileRef = 2A709FB41C19EC020091E08F /* ParameterConstants.swift */; };
		2A0BD3F41C127ED500D4F9BF /* LogInViewController.swift in Sources */ = {isa = PBXBuildFile; fileRef = 2A0BD3F31C127ED500D4F9BF /* LogInViewController.swift */; };
		2A1E2D581C1875F800F3216F /* CardModel.swift in Sources */ = {isa = PBXBuildFile; fileRef = 2A1E2D571C1875F800F3216F /* CardModel.swift */; };
		2A1E2D5A1C18787900F3216F /* MechanicModel.swift in Sources */ = {isa = PBXBuildFile; fileRef = 2A1E2D591C18787900F3216F /* MechanicModel.swift */; };
		2A2545AA1C1216F900089CC9 /* AppDelegate.swift in Sources */ = {isa = PBXBuildFile; fileRef = 2A2545A91C1216F900089CC9 /* AppDelegate.swift */; };
		2A2545AF1C1216F900089CC9 /* Main.storyboard in Resources */ = {isa = PBXBuildFile; fileRef = 2A2545AD1C1216F900089CC9 /* Main.storyboard */; };
		2A2545B11C1216F900089CC9 /* Assets.xcassets in Resources */ = {isa = PBXBuildFile; fileRef = 2A2545B01C1216F900089CC9 /* Assets.xcassets */; };
		2A2545B41C1216F900089CC9 /* LaunchScreen.storyboard in Resources */ = {isa = PBXBuildFile; fileRef = 2A2545B21C1216F900089CC9 /* LaunchScreen.storyboard */; };
		2A2545BF1C1216F900089CC9 /* Hearthstone_Beginners_GuideTests.swift in Sources */ = {isa = PBXBuildFile; fileRef = 2A2545BE1C1216F900089CC9 /* Hearthstone_Beginners_GuideTests.swift */; };
		2A2545CA1C1216F900089CC9 /* Hearthstone_Beginners_GuideUITests.swift in Sources */ = {isa = PBXBuildFile; fileRef = 2A2545C91C1216F900089CC9 /* Hearthstone_Beginners_GuideUITests.swift */; };
		2A709FAD1C19D3640091E08F /* CardUtilTest.swift in Sources */ = {isa = PBXBuildFile; fileRef = 2A709FAC1C19D3640091E08F /* CardUtilTest.swift */; };
		2A709FAE1C19D3690091E08F /* CardUtil.swift in Sources */ = {isa = PBXBuildFile; fileRef = 2A8F80E91C1915FF00EC01F9 /* CardUtil.swift */; };
		2A709FAF1C19D7D80091E08F /* CardModel.swift in Sources */ = {isa = PBXBuildFile; fileRef = 2A1E2D571C1875F800F3216F /* CardModel.swift */; };
		2A709FB01C19D7DB0091E08F /* MechanicModel.swift in Sources */ = {isa = PBXBuildFile; fileRef = 2A1E2D591C18787900F3216F /* MechanicModel.swift */; };
		2A709FB21C19E2400091E08F /* SearchByClassClient.swift in Sources */ = {isa = PBXBuildFile; fileRef = 2A709FB11C19E2400091E08F /* SearchByClassClient.swift */; };
		2A709FB51C19EC020091E08F /* ParameterConstants.swift in Sources */ = {isa = PBXBuildFile; fileRef = 2A709FB41C19EC020091E08F /* ParameterConstants.swift */; };
		2A75476A1C2306110015F2C9 /* SearchByParameterClient.swift in Sources */ = {isa = PBXBuildFile; fileRef = 2A7547691C2306110015F2C9 /* SearchByParameterClient.swift */; };
		2A7D664D1C20C5E300D43550 /* mana-crystal.png in Resources */ = {isa = PBXBuildFile; fileRef = 2A7D664C1C20C5E300D43550 /* mana-crystal.png */; };
		2A7D664F1C20C5EA00D43550 /* health.png in Resources */ = {isa = PBXBuildFile; fileRef = 2A7D664E1C20C5EA00D43550 /* health.png */; };
		2A7D66511C20C5F400D43550 /* attack.png in Resources */ = {isa = PBXBuildFile; fileRef = 2A7D66501C20C5F400D43550 /* attack.png */; };
		2A7D66551C20CA7600D43550 /* CardTableViewCell.swift in Sources */ = {isa = PBXBuildFile; fileRef = 2A7D66541C20CA7600D43550 /* CardTableViewCell.swift */; };
		2A7F6A6D1C23189B00FED2A6 /* SetEnum.swift in Sources */ = {isa = PBXBuildFile; fileRef = 2A7F6A6C1C23189B00FED2A6 /* SetEnum.swift */; };
		2A7F6A711C232BBF00FED2A6 /* CardAttackExample.png in Resources */ = {isa = PBXBuildFile; fileRef = 2A7F6A701C232BBF00FED2A6 /* CardAttackExample.png */; };
		2A81E99D1C223C6D00FDC653 /* SearchByAttackViewController.swift in Sources */ = {isa = PBXBuildFile; fileRef = 2A81E99C1C223C6D00FDC653 /* SearchByAttackViewController.swift */; };
		2A84D0C41C1ACF26009F1C51 /* SearchByClassClient.swift in Sources */ = {isa = PBXBuildFile; fileRef = 2A709FB11C19E2400091E08F /* SearchByClassClient.swift */; };
		2A84D0C61C1AD117009F1C51 /* SearchByClassClientTest.swift in Sources */ = {isa = PBXBuildFile; fileRef = 2A84D0C51C1AD117009F1C51 /* SearchByClassClientTest.swift */; };
		2A8BF6221C15E92500300E39 /* InfoClient.swift in Sources */ = {isa = PBXBuildFile; fileRef = 2A8BF6211C15E92500300E39 /* InfoClient.swift */; };
		2A8BF6251C15EA4C00300E39 /* HeroesEnum.swift in Sources */ = {isa = PBXBuildFile; fileRef = 2A8BF6241C15EA4C00300E39 /* HeroesEnum.swift */; };
		2A8BF62B1C1602A500300E39 /* InfoClientTest.swift in Sources */ = {isa = PBXBuildFile; fileRef = 2A8BF62A1C1602A500300E39 /* InfoClientTest.swift */; };
		2A8BF62D1C1602BA00300E39 /* InfoClient.swift in Sources */ = {isa = PBXBuildFile; fileRef = 2A8BF6211C15E92500300E39 /* InfoClient.swift */; };
		2A8BF62E1C1602BD00300E39 /* InfoModel.swift in Sources */ = {isa = PBXBuildFile; fileRef = 2AACC7451C15E47600ABD538 /* InfoModel.swift */; };
		2A8BF62F1C1602C000300E39 /* HeroesEnum.swift in Sources */ = {isa = PBXBuildFile; fileRef = 2A8BF6241C15EA4C00300E39 /* HeroesEnum.swift */; };
		2A8ED99B1C2180A9003CA96F /* CardExampleName.png in Resources */ = {isa = PBXBuildFile; fileRef = 2A8ED99A1C2180A9003CA96F /* CardExampleName.png */; };
		2A8F80EA1C1915FF00EC01F9 /* CardUtil.swift in Sources */ = {isa = PBXBuildFile; fileRef = 2A8F80E91C1915FF00EC01F9 /* CardUtil.swift */; };
		2A993BD61C219F9300C2EF99 /* SearchByNameViewController.swift in Sources */ = {isa = PBXBuildFile; fileRef = 2A993BD51C219F9300C2EF99 /* SearchByNameViewController.swift */; };
		2A99440D1C1704C200A1B891 /* CardbackModel.swift in Sources */ = {isa = PBXBuildFile; fileRef = 2A99440C1C1704C200A1B891 /* CardbackModel.swift */; };
		2A99440F1C17068400A1B891 /* CardbackClient.swift in Sources */ = {isa = PBXBuildFile; fileRef = 2A99440E1C17068400A1B891 /* CardbackClient.swift */; };
		2A9944111C17079200A1B891 /* LocationEnum.swift in Sources */ = {isa = PBXBuildFile; fileRef = 2A9944101C17079200A1B891 /* LocationEnum.swift */; };
		2A9944131C1716F100A1B891 /* CardbackClientTest.swift in Sources */ = {isa = PBXBuildFile; fileRef = 2A9944121C1716F100A1B891 /* CardbackClientTest.swift */; };
		2A9944141C1716F600A1B891 /* CardbackClient.swift in Sources */ = {isa = PBXBuildFile; fileRef = 2A99440E1C17068400A1B891 /* CardbackClient.swift */; };
		2A9944151C1716FB00A1B891 /* CardbackModel.swift in Sources */ = {isa = PBXBuildFile; fileRef = 2A99440C1C1704C200A1B891 /* CardbackModel.swift */; };
		2A9944161C1740EA00A1B891 /* LocationEnum.swift in Sources */ = {isa = PBXBuildFile; fileRef = 2A9944101C17079200A1B891 /* LocationEnum.swift */; };
		2A9A062C1C20637200E0CEC1 /* ClassesMenuViewController.swift in Sources */ = {isa = PBXBuildFile; fileRef = 2A9A062B1C20637200E0CEC1 /* ClassesMenuViewController.swift */; };
		2A9A06341C207CAE00E0CEC1 /* MenuTableViewController.swift in Sources */ = {isa = PBXBuildFile; fileRef = 2A9A06331C207CAE00E0CEC1 /* MenuTableViewController.swift */; };
		2A9A06391C20888600E0CEC1 /* ClassesBackground.jpeg in Resources */ = {isa = PBXBuildFile; fileRef = 2A9A06381C20888600E0CEC1 /* ClassesBackground.jpeg */; };
		2A9A063B1C208DF500E0CEC1 /* CardTableViewController.swift in Sources */ = {isa = PBXBuildFile; fileRef = 2A9A063A1C208DF500E0CEC1 /* CardTableViewController.swift */; };
		2AA05EE01C25698900DD7393 /* SearchByRarityViewController.swift in Sources */ = {isa = PBXBuildFile; fileRef = 2AA05EDF1C25698900DD7393 /* SearchByRarityViewController.swift */; };
		2AA05EE21C256D7900DD7393 /* CardRarityExample.png in Resources */ = {isa = PBXBuildFile; fileRef = 2AA05EE11C256D7900DD7393 /* CardRarityExample.png */; };
		2AA05EE41C256F7700DD7393 /* RarityEnum.swift in Sources */ = {isa = PBXBuildFile; fileRef = 2AA05EE31C256F7700DD7393 /* RarityEnum.swift */; };
		2AA05EE61C2578B000DD7393 /* SearchByTypeViewController.swift in Sources */ = {isa = PBXBuildFile; fileRef = 2AA05EE51C2578B000DD7393 /* SearchByTypeViewController.swift */; };
		2AA05EE81C257BF000DD7393 /* TypeEnum.swift in Sources */ = {isa = PBXBuildFile; fileRef = 2AA05EE71C257BF000DD7393 /* TypeEnum.swift */; };
		2AA05EEA1C257F4900DD7393 /* CardTypeExample.png in Resources */ = {isa = PBXBuildFile; fileRef = 2AA05EE91C257F4900DD7393 /* CardTypeExample.png */; };
		2AA93AAC1C127D090067E970 /* FBSDKCoreKit.framework in Frameworks */ = {isa = PBXBuildFile; fileRef = 2AA93AA91C127D090067E970 /* FBSDKCoreKit.framework */; };
		2AA93AAD1C127D090067E970 /* FBSDKLoginKit.framework in Frameworks */ = {isa = PBXBuildFile; fileRef = 2AA93AAA1C127D090067E970 /* FBSDKLoginKit.framework */; };
		2AA93AAE1C127D090067E970 /* FBSDKShareKit.framework in Frameworks */ = {isa = PBXBuildFile; fileRef = 2AA93AAB1C127D090067E970 /* FBSDKShareKit.framework */; };
		2AACC7461C15E47600ABD538 /* InfoModel.swift in Sources */ = {isa = PBXBuildFile; fileRef = 2AACC7451C15E47600ABD538 /* InfoModel.swift */; };
		2AB8E6E51C24471400F4828E /* SearchBySetViewController.swift in Sources */ = {isa = PBXBuildFile; fileRef = 2AB8E6E41C24471400F4828E /* SearchBySetViewController.swift */; };
		2ACE133E1C1B34580089DE29 /* EndpointEnum.swift in Sources */ = {isa = PBXBuildFile; fileRef = 2A00DCF71C1B26F9005089F2 /* EndpointEnum.swift */; };
		2AD72B6F1C1F092E007D98E3 /* Druid.png in Resources */ = {isa = PBXBuildFile; fileRef = 2AD72B661C1F092E007D98E3 /* Druid.png */; };
		2AD72B701C1F092E007D98E3 /* Hunter.png in Resources */ = {isa = PBXBuildFile; fileRef = 2AD72B671C1F092E007D98E3 /* Hunter.png */; };
		2AD72B711C1F092E007D98E3 /* Mage.png in Resources */ = {isa = PBXBuildFile; fileRef = 2AD72B681C1F092E007D98E3 /* Mage.png */; };
		2AD72B721C1F092E007D98E3 /* Paladin.png in Resources */ = {isa = PBXBuildFile; fileRef = 2AD72B691C1F092E007D98E3 /* Paladin.png */; };
		2AD72B731C1F092E007D98E3 /* Priest.png in Resources */ = {isa = PBXBuildFile; fileRef = 2AD72B6A1C1F092E007D98E3 /* Priest.png */; };
		2AD72B741C1F092E007D98E3 /* Rogue.png in Resources */ = {isa = PBXBuildFile; fileRef = 2AD72B6B1C1F092E007D98E3 /* Rogue.png */; };
		2AD72B751C1F092E007D98E3 /* Shaman.png in Resources */ = {isa = PBXBuildFile; fileRef = 2AD72B6C1C1F092E007D98E3 /* Shaman.png */; };
		2AD72B761C1F092E007D98E3 /* Warlock.png in Resources */ = {isa = PBXBuildFile; fileRef = 2AD72B6D1C1F092E007D98E3 /* Warlock.png */; };
		2AD72B771C1F092E007D98E3 /* Warrior.png in Resources */ = {isa = PBXBuildFile; fileRef = 2AD72B6E1C1F092E007D98E3 /* Warrior.png */; };
		2AE6DCCB1C2501D500A2613A /* SearchByHealthViewController.swift in Sources */ = {isa = PBXBuildFile; fileRef = 2AE6DCCA1C2501D500A2613A /* SearchByHealthViewController.swift */; };
		2AE6DCCD1C25076D00A2613A /* CardHealthExample.png in Resources */ = {isa = PBXBuildFile; fileRef = 2AE6DCCC1C25076D00A2613A /* CardHealthExample.png */; };
/* End PBXBuildFile section */

/* Begin PBXContainerItemProxy section */
		2A2545BB1C1216F900089CC9 /* PBXContainerItemProxy */ = {
			isa = PBXContainerItemProxy;
			containerPortal = 2A25459E1C1216F900089CC9 /* Project object */;
			proxyType = 1;
			remoteGlobalIDString = 2A2545A51C1216F900089CC9;
			remoteInfo = "Hearthstone Beginners Guide";
		};
		2A2545C61C1216F900089CC9 /* PBXContainerItemProxy */ = {
			isa = PBXContainerItemProxy;
			containerPortal = 2A25459E1C1216F900089CC9 /* Project object */;
			proxyType = 1;
			remoteGlobalIDString = 2A2545A51C1216F900089CC9;
			remoteInfo = "Hearthstone Beginners Guide";
		};
/* End PBXContainerItemProxy section */

/* Begin PBXFileReference section */
		2A00DCF51C1B1903005089F2 /* SearchByClient.swift */ = {isa = PBXFileReference; fileEncoding = 4; lastKnownFileType = sourcecode.swift; path = SearchByClient.swift; sourceTree = "<group>"; };
		2A00DCF71C1B26F9005089F2 /* EndpointEnum.swift */ = {isa = PBXFileReference; fileEncoding = 4; lastKnownFileType = sourcecode.swift; path = EndpointEnum.swift; sourceTree = "<group>"; };
		2A0BD3F31C127ED500D4F9BF /* LogInViewController.swift */ = {isa = PBXFileReference; fileEncoding = 4; lastKnownFileType = sourcecode.swift; path = LogInViewController.swift; sourceTree = "<group>"; };
		2A1E2D571C1875F800F3216F /* CardModel.swift */ = {isa = PBXFileReference; fileEncoding = 4; lastKnownFileType = sourcecode.swift; path = CardModel.swift; sourceTree = "<group>"; };
		2A1E2D591C18787900F3216F /* MechanicModel.swift */ = {isa = PBXFileReference; fileEncoding = 4; lastKnownFileType = sourcecode.swift; path = MechanicModel.swift; sourceTree = "<group>"; };
		2A2545A61C1216F900089CC9 /* Hearthstone Beginners Guide.app */ = {isa = PBXFileReference; explicitFileType = wrapper.application; includeInIndex = 0; path = "Hearthstone Beginners Guide.app"; sourceTree = BUILT_PRODUCTS_DIR; };
		2A2545A91C1216F900089CC9 /* AppDelegate.swift */ = {isa = PBXFileReference; lastKnownFileType = sourcecode.swift; path = AppDelegate.swift; sourceTree = "<group>"; };
		2A2545AE1C1216F900089CC9 /* Base */ = {isa = PBXFileReference; lastKnownFileType = file.storyboard; name = Base; path = Base.lproj/Main.storyboard; sourceTree = "<group>"; };
		2A2545B01C1216F900089CC9 /* Assets.xcassets */ = {isa = PBXFileReference; lastKnownFileType = folder.assetcatalog; path = Assets.xcassets; sourceTree = "<group>"; };
		2A2545B31C1216F900089CC9 /* Base */ = {isa = PBXFileReference; lastKnownFileType = file.storyboard; name = Base; path = Base.lproj/LaunchScreen.storyboard; sourceTree = "<group>"; };
		2A2545B51C1216F900089CC9 /* Info.plist */ = {isa = PBXFileReference; lastKnownFileType = text.plist.xml; path = Info.plist; sourceTree = "<group>"; };
		2A2545BA1C1216F900089CC9 /* Hearthstone Beginners GuideTests.xctest */ = {isa = PBXFileReference; explicitFileType = wrapper.cfbundle; includeInIndex = 0; path = "Hearthstone Beginners GuideTests.xctest"; sourceTree = BUILT_PRODUCTS_DIR; };
		2A2545BE1C1216F900089CC9 /* Hearthstone_Beginners_GuideTests.swift */ = {isa = PBXFileReference; lastKnownFileType = sourcecode.swift; path = Hearthstone_Beginners_GuideTests.swift; sourceTree = "<group>"; };
		2A2545C01C1216F900089CC9 /* Info.plist */ = {isa = PBXFileReference; lastKnownFileType = text.plist.xml; path = Info.plist; sourceTree = "<group>"; };
		2A2545C51C1216F900089CC9 /* Hearthstone Beginners GuideUITests.xctest */ = {isa = PBXFileReference; explicitFileType = wrapper.cfbundle; includeInIndex = 0; path = "Hearthstone Beginners GuideUITests.xctest"; sourceTree = BUILT_PRODUCTS_DIR; };
		2A2545C91C1216F900089CC9 /* Hearthstone_Beginners_GuideUITests.swift */ = {isa = PBXFileReference; lastKnownFileType = sourcecode.swift; path = Hearthstone_Beginners_GuideUITests.swift; sourceTree = "<group>"; };
		2A2545CB1C1216F900089CC9 /* Info.plist */ = {isa = PBXFileReference; lastKnownFileType = text.plist.xml; path = Info.plist; sourceTree = "<group>"; };
		2A709FAC1C19D3640091E08F /* CardUtilTest.swift */ = {isa = PBXFileReference; fileEncoding = 4; lastKnownFileType = sourcecode.swift; path = CardUtilTest.swift; sourceTree = "<group>"; };
		2A709FB11C19E2400091E08F /* SearchByClassClient.swift */ = {isa = PBXFileReference; fileEncoding = 4; lastKnownFileType = sourcecode.swift; path = SearchByClassClient.swift; sourceTree = "<group>"; };
		2A709FB41C19EC020091E08F /* ParameterConstants.swift */ = {isa = PBXFileReference; fileEncoding = 4; lastKnownFileType = sourcecode.swift; path = ParameterConstants.swift; sourceTree = "<group>"; };
		2A7547691C2306110015F2C9 /* SearchByParameterClient.swift */ = {isa = PBXFileReference; fileEncoding = 4; lastKnownFileType = sourcecode.swift; path = SearchByParameterClient.swift; sourceTree = "<group>"; };
		2A7D664C1C20C5E300D43550 /* mana-crystal.png */ = {isa = PBXFileReference; lastKnownFileType = image.png; path = "mana-crystal.png"; sourceTree = "<group>"; };
		2A7D664E1C20C5EA00D43550 /* health.png */ = {isa = PBXFileReference; lastKnownFileType = image.png; path = health.png; sourceTree = "<group>"; };
		2A7D66501C20C5F400D43550 /* attack.png */ = {isa = PBXFileReference; lastKnownFileType = image.png; path = attack.png; sourceTree = "<group>"; };
		2A7D66541C20CA7600D43550 /* CardTableViewCell.swift */ = {isa = PBXFileReference; fileEncoding = 4; lastKnownFileType = sourcecode.swift; path = CardTableViewCell.swift; sourceTree = "<group>"; };
		2A7F6A6C1C23189B00FED2A6 /* SetEnum.swift */ = {isa = PBXFileReference; fileEncoding = 4; lastKnownFileType = sourcecode.swift; path = SetEnum.swift; sourceTree = "<group>"; };
		2A7F6A701C232BBF00FED2A6 /* CardAttackExample.png */ = {isa = PBXFileReference; lastKnownFileType = image.png; path = CardAttackExample.png; sourceTree = "<group>"; };
		2A81E99C1C223C6D00FDC653 /* SearchByAttackViewController.swift */ = {isa = PBXFileReference; fileEncoding = 4; lastKnownFileType = sourcecode.swift; path = SearchByAttackViewController.swift; sourceTree = "<group>"; };
		2A84D0C51C1AD117009F1C51 /* SearchByClassClientTest.swift */ = {isa = PBXFileReference; fileEncoding = 4; lastKnownFileType = sourcecode.swift; path = SearchByClassClientTest.swift; sourceTree = "<group>"; };
		2A8BF6211C15E92500300E39 /* InfoClient.swift */ = {isa = PBXFileReference; fileEncoding = 4; lastKnownFileType = sourcecode.swift; path = InfoClient.swift; sourceTree = "<group>"; };
		2A8BF6241C15EA4C00300E39 /* HeroesEnum.swift */ = {isa = PBXFileReference; fileEncoding = 4; lastKnownFileType = sourcecode.swift; path = HeroesEnum.swift; sourceTree = "<group>"; };
		2A8BF62A1C1602A500300E39 /* InfoClientTest.swift */ = {isa = PBXFileReference; fileEncoding = 4; lastKnownFileType = sourcecode.swift; path = InfoClientTest.swift; sourceTree = "<group>"; };
		2A8ED99A1C2180A9003CA96F /* CardExampleName.png */ = {isa = PBXFileReference; lastKnownFileType = image.png; path = CardExampleName.png; sourceTree = "<group>"; };
		2A8F80E91C1915FF00EC01F9 /* CardUtil.swift */ = {isa = PBXFileReference; fileEncoding = 4; lastKnownFileType = sourcecode.swift; path = CardUtil.swift; sourceTree = "<group>"; };
		2A993BCF1C219C3100C2EF99 /* es-MX */ = {isa = PBXFileReference; lastKnownFileType = text.plist.strings; name = "es-MX"; path = "es-MX.lproj/Main.strings"; sourceTree = "<group>"; };
		2A993BD01C219C3100C2EF99 /* es-MX */ = {isa = PBXFileReference; lastKnownFileType = text.plist.strings; name = "es-MX"; path = "es-MX.lproj/LaunchScreen.strings"; sourceTree = "<group>"; };
		2A993BD11C219C6A00C2EF99 /* pt-PT */ = {isa = PBXFileReference; lastKnownFileType = text.plist.strings; name = "pt-PT"; path = "pt-PT.lproj/Main.strings"; sourceTree = "<group>"; };
		2A993BD21C219C6A00C2EF99 /* pt-PT */ = {isa = PBXFileReference; lastKnownFileType = text.plist.strings; name = "pt-PT"; path = "pt-PT.lproj/LaunchScreen.strings"; sourceTree = "<group>"; };
		2A993BD31C219C7000C2EF99 /* es */ = {isa = PBXFileReference; lastKnownFileType = text.plist.strings; name = es; path = es.lproj/Main.strings; sourceTree = "<group>"; };
		2A993BD41C219C7000C2EF99 /* es */ = {isa = PBXFileReference; lastKnownFileType = text.plist.strings; name = es; path = es.lproj/LaunchScreen.strings; sourceTree = "<group>"; };
		2A993BD51C219F9300C2EF99 /* SearchByNameViewController.swift */ = {isa = PBXFileReference; fileEncoding = 4; lastKnownFileType = sourcecode.swift; path = SearchByNameViewController.swift; sourceTree = "<group>"; };
		2A99440C1C1704C200A1B891 /* CardbackModel.swift */ = {isa = PBXFileReference; fileEncoding = 4; lastKnownFileType = sourcecode.swift; path = CardbackModel.swift; sourceTree = "<group>"; };
		2A99440E1C17068400A1B891 /* CardbackClient.swift */ = {isa = PBXFileReference; fileEncoding = 4; lastKnownFileType = sourcecode.swift; path = CardbackClient.swift; sourceTree = "<group>"; };
		2A9944101C17079200A1B891 /* LocationEnum.swift */ = {isa = PBXFileReference; fileEncoding = 4; lastKnownFileType = sourcecode.swift; path = LocationEnum.swift; sourceTree = "<group>"; };
		2A9944121C1716F100A1B891 /* CardbackClientTest.swift */ = {isa = PBXFileReference; fileEncoding = 4; lastKnownFileType = sourcecode.swift; path = CardbackClientTest.swift; sourceTree = "<group>"; };
		2A9A062B1C20637200E0CEC1 /* ClassesMenuViewController.swift */ = {isa = PBXFileReference; fileEncoding = 4; lastKnownFileType = sourcecode.swift; path = ClassesMenuViewController.swift; sourceTree = "<group>"; };
		2A9A06331C207CAE00E0CEC1 /* MenuTableViewController.swift */ = {isa = PBXFileReference; fileEncoding = 4; lastKnownFileType = sourcecode.swift; path = MenuTableViewController.swift; sourceTree = "<group>"; };
		2A9A06381C20888600E0CEC1 /* ClassesBackground.jpeg */ = {isa = PBXFileReference; lastKnownFileType = image.jpeg; path = ClassesBackground.jpeg; sourceTree = "<group>"; };
		2A9A063A1C208DF500E0CEC1 /* CardTableViewController.swift */ = {isa = PBXFileReference; fileEncoding = 4; lastKnownFileType = sourcecode.swift; path = CardTableViewController.swift; sourceTree = "<group>"; };
		2AA05EDF1C25698900DD7393 /* SearchByRarityViewController.swift */ = {isa = PBXFileReference; fileEncoding = 4; lastKnownFileType = sourcecode.swift; path = SearchByRarityViewController.swift; sourceTree = "<group>"; };
		2AA05EE11C256D7900DD7393 /* CardRarityExample.png */ = {isa = PBXFileReference; lastKnownFileType = image.png; path = CardRarityExample.png; sourceTree = "<group>"; };
		2AA05EE31C256F7700DD7393 /* RarityEnum.swift */ = {isa = PBXFileReference; fileEncoding = 4; lastKnownFileType = sourcecode.swift; path = RarityEnum.swift; sourceTree = "<group>"; };
		2AA05EE51C2578B000DD7393 /* SearchByTypeViewController.swift */ = {isa = PBXFileReference; fileEncoding = 4; lastKnownFileType = sourcecode.swift; path = SearchByTypeViewController.swift; sourceTree = "<group>"; };
		2AA05EE71C257BF000DD7393 /* TypeEnum.swift */ = {isa = PBXFileReference; fileEncoding = 4; lastKnownFileType = sourcecode.swift; path = TypeEnum.swift; sourceTree = "<group>"; };
		2AA05EE91C257F4900DD7393 /* CardTypeExample.png */ = {isa = PBXFileReference; lastKnownFileType = image.png; path = CardTypeExample.png; sourceTree = "<group>"; };
		2AA93AA91C127D090067E970 /* FBSDKCoreKit.framework */ = {isa = PBXFileReference; lastKnownFileType = wrapper.framework; path = FBSDKCoreKit.framework; sourceTree = SOURCE_ROOT; };
		2AA93AAA1C127D090067E970 /* FBSDKLoginKit.framework */ = {isa = PBXFileReference; lastKnownFileType = wrapper.framework; path = FBSDKLoginKit.framework; sourceTree = SOURCE_ROOT; };
		2AA93AAB1C127D090067E970 /* FBSDKShareKit.framework */ = {isa = PBXFileReference; lastKnownFileType = wrapper.framework; path = FBSDKShareKit.framework; sourceTree = SOURCE_ROOT; };
		2AACC7451C15E47600ABD538 /* InfoModel.swift */ = {isa = PBXFileReference; fileEncoding = 4; lastKnownFileType = sourcecode.swift; path = InfoModel.swift; sourceTree = "<group>"; };
		2AB8E6E41C24471400F4828E /* SearchBySetViewController.swift */ = {isa = PBXFileReference; fileEncoding = 4; lastKnownFileType = sourcecode.swift; path = SearchBySetViewController.swift; sourceTree = "<group>"; };
		2AD72B661C1F092E007D98E3 /* Druid.png */ = {isa = PBXFileReference; lastKnownFileType = image.png; path = Druid.png; sourceTree = "<group>"; };
		2AD72B671C1F092E007D98E3 /* Hunter.png */ = {isa = PBXFileReference; lastKnownFileType = image.png; path = Hunter.png; sourceTree = "<group>"; };
		2AD72B681C1F092E007D98E3 /* Mage.png */ = {isa = PBXFileReference; lastKnownFileType = image.png; path = Mage.png; sourceTree = "<group>"; };
		2AD72B691C1F092E007D98E3 /* Paladin.png */ = {isa = PBXFileReference; lastKnownFileType = image.png; path = Paladin.png; sourceTree = "<group>"; };
		2AD72B6A1C1F092E007D98E3 /* Priest.png */ = {isa = PBXFileReference; lastKnownFileType = image.png; path = Priest.png; sourceTree = "<group>"; };
		2AD72B6B1C1F092E007D98E3 /* Rogue.png */ = {isa = PBXFileReference; lastKnownFileType = image.png; path = Rogue.png; sourceTree = "<group>"; };
		2AD72B6C1C1F092E007D98E3 /* Shaman.png */ = {isa = PBXFileReference; lastKnownFileType = image.png; path = Shaman.png; sourceTree = "<group>"; };
		2AD72B6D1C1F092E007D98E3 /* Warlock.png */ = {isa = PBXFileReference; lastKnownFileType = image.png; path = Warlock.png; sourceTree = "<group>"; };
		2AD72B6E1C1F092E007D98E3 /* Warrior.png */ = {isa = PBXFileReference; lastKnownFileType = image.png; path = Warrior.png; sourceTree = "<group>"; };
		2AE6DCCA1C2501D500A2613A /* SearchByHealthViewController.swift */ = {isa = PBXFileReference; fileEncoding = 4; lastKnownFileType = sourcecode.swift; path = SearchByHealthViewController.swift; sourceTree = "<group>"; };
		2AE6DCCC1C25076D00A2613A /* CardHealthExample.png */ = {isa = PBXFileReference; lastKnownFileType = image.png; path = CardHealthExample.png; sourceTree = "<group>"; };
/* End PBXFileReference section */

/* Begin PBXFrameworksBuildPhase section */
		2A2545A31C1216F900089CC9 /* Frameworks */ = {
			isa = PBXFrameworksBuildPhase;
			buildActionMask = 2147483647;
			files = (
				2AA93AAD1C127D090067E970 /* FBSDKLoginKit.framework in Frameworks */,
				2AA93AAC1C127D090067E970 /* FBSDKCoreKit.framework in Frameworks */,
				2AA93AAE1C127D090067E970 /* FBSDKShareKit.framework in Frameworks */,
			);
			runOnlyForDeploymentPostprocessing = 0;
		};
		2A2545B71C1216F900089CC9 /* Frameworks */ = {
			isa = PBXFrameworksBuildPhase;
			buildActionMask = 2147483647;
			files = (
			);
			runOnlyForDeploymentPostprocessing = 0;
		};
		2A2545C21C1216F900089CC9 /* Frameworks */ = {
			isa = PBXFrameworksBuildPhase;
			buildActionMask = 2147483647;
			files = (
			);
			runOnlyForDeploymentPostprocessing = 0;
		};
/* End PBXFrameworksBuildPhase section */

/* Begin PBXGroup section */
		2A25459D1C1216F900089CC9 = {
			isa = PBXGroup;
			children = (
				2A2545A81C1216F900089CC9 /* Hearthstone Beginners Guide */,
				2A2545BD1C1216F900089CC9 /* Hearthstone Beginners GuideTests */,
				2A2545C81C1216F900089CC9 /* Hearthstone Beginners GuideUITests */,
				2A2545A71C1216F900089CC9 /* Products */,
			);
			sourceTree = "<group>";
		};
		2A2545A71C1216F900089CC9 /* Products */ = {
			isa = PBXGroup;
			children = (
				2A2545A61C1216F900089CC9 /* Hearthstone Beginners Guide.app */,
				2A2545BA1C1216F900089CC9 /* Hearthstone Beginners GuideTests.xctest */,
				2A2545C51C1216F900089CC9 /* Hearthstone Beginners GuideUITests.xctest */,
			);
			name = Products;
			sourceTree = "<group>";
		};
		2A2545A81C1216F900089CC9 /* Hearthstone Beginners Guide */ = {
			isa = PBXGroup;
			children = (
				2A709FB31C19EA750091E08F /* Consts */,
				2A8BF6231C15E9E000300E39 /* Enums */,
				2AACC7441C15E46A00ABD538 /* Model */,
				2A8BF6201C15E8FA00300E39 /* Client */,
				2A8F80E81C1915BB00EC01F9 /* Utils */,
				2A2545A91C1216F900089CC9 /* AppDelegate.swift */,
				2A2545AD1C1216F900089CC9 /* Main.storyboard */,
				2A2545B01C1216F900089CC9 /* Assets.xcassets */,
				2AD72B781C1F09F8007D98E3 /* Views */,
				2AD72B641C1F06BE007D98E3 /* Images */,
				2A2545B21C1216F900089CC9 /* LaunchScreen.storyboard */,
				2A2545B51C1216F900089CC9 /* Info.plist */,
				2A30A2061C127A4E0035EFA8 /* Frameworks */,
			);
			path = "Hearthstone Beginners Guide";
			sourceTree = "<group>";
		};
		2A2545BD1C1216F900089CC9 /* Hearthstone Beginners GuideTests */ = {
			isa = PBXGroup;
			children = (
				2A2545BE1C1216F900089CC9 /* Hearthstone_Beginners_GuideTests.swift */,
				2A8BF6291C16026100300E39 /* Client */,
				2A709FAB1C19D3370091E08F /* Util */,
				2A2545C01C1216F900089CC9 /* Info.plist */,
			);
			path = "Hearthstone Beginners GuideTests";
			sourceTree = "<group>";
		};
		2A2545C81C1216F900089CC9 /* Hearthstone Beginners GuideUITests */ = {
			isa = PBXGroup;
			children = (
				2A2545C91C1216F900089CC9 /* Hearthstone_Beginners_GuideUITests.swift */,
				2A2545CB1C1216F900089CC9 /* Info.plist */,
			);
			path = "Hearthstone Beginners GuideUITests";
			sourceTree = "<group>";
		};
		2A30A2061C127A4E0035EFA8 /* Frameworks */ = {
			isa = PBXGroup;
			children = (
				2AA93AA91C127D090067E970 /* FBSDKCoreKit.framework */,
				2AA93AAA1C127D090067E970 /* FBSDKLoginKit.framework */,
				2AA93AAB1C127D090067E970 /* FBSDKShareKit.framework */,
			);
			name = Frameworks;
			sourceTree = "<group>";
		};
		2A709FAB1C19D3370091E08F /* Util */ = {
			isa = PBXGroup;
			children = (
				2A709FAC1C19D3640091E08F /* CardUtilTest.swift */,
			);
			name = Util;
			sourceTree = "<group>";
		};
		2A709FB31C19EA750091E08F /* Consts */ = {
			isa = PBXGroup;
			children = (
				2A709FB41C19EC020091E08F /* ParameterConstants.swift */,
			);
			name = Consts;
			sourceTree = "<group>";
		};
		2A7D664B1C20C5D400D43550 /* Attributes */ = {
			isa = PBXGroup;
			children = (
				2A7D664C1C20C5E300D43550 /* mana-crystal.png */,
				2A7D664E1C20C5EA00D43550 /* health.png */,
				2A7D66501C20C5F400D43550 /* attack.png */,
			);
			name = Attributes;
			sourceTree = "<group>";
		};
		2A8BF6201C15E8FA00300E39 /* Client */ = {
			isa = PBXGroup;
			children = (
				2A8BF6211C15E92500300E39 /* InfoClient.swift */,
				2A99440E1C17068400A1B891 /* CardbackClient.swift */,
				2A709FB11C19E2400091E08F /* SearchByClassClient.swift */,
				2A00DCF51C1B1903005089F2 /* SearchByClient.swift */,
				2A7547691C2306110015F2C9 /* SearchByParameterClient.swift */,
			);
			name = Client;
			sourceTree = "<group>";
		};
		2A8BF6231C15E9E000300E39 /* Enums */ = {
			isa = PBXGroup;
			children = (
				2A8BF6241C15EA4C00300E39 /* HeroesEnum.swift */,
				2A9944101C17079200A1B891 /* LocationEnum.swift */,
				2A00DCF71C1B26F9005089F2 /* EndpointEnum.swift */,
				2A7F6A6C1C23189B00FED2A6 /* SetEnum.swift */,
				2AA05EE31C256F7700DD7393 /* RarityEnum.swift */,
				2AA05EE71C257BF000DD7393 /* TypeEnum.swift */,
			);
			name = Enums;
			sourceTree = "<group>";
		};
		2A8BF6291C16026100300E39 /* Client */ = {
			isa = PBXGroup;
			children = (
				2A8BF62A1C1602A500300E39 /* InfoClientTest.swift */,
				2A9944121C1716F100A1B891 /* CardbackClientTest.swift */,
				2A84D0C51C1AD117009F1C51 /* SearchByClassClientTest.swift */,
			);
			name = Client;
			sourceTree = "<group>";
		};
		2A8ED9971C218061003CA96F /* Cards */ = {
			isa = PBXGroup;
			children = (
				2AA05EE91C257F4900DD7393 /* CardTypeExample.png */,
				2AE6DCCC1C25076D00A2613A /* CardHealthExample.png */,
				2A8ED99A1C2180A9003CA96F /* CardExampleName.png */,
				2A7F6A701C232BBF00FED2A6 /* CardAttackExample.png */,
				2AA05EE11C256D7900DD7393 /* CardRarityExample.png */,
			);
			name = Cards;
			sourceTree = "<group>";
		};
		2A8F80E81C1915BB00EC01F9 /* Utils */ = {
			isa = PBXGroup;
			children = (
				2A8F80E91C1915FF00EC01F9 /* CardUtil.swift */,
			);
			name = Utils;
			sourceTree = "<group>";
		};
		2A9A06351C20872100E0CEC1 /* Backgrounds */ = {
			isa = PBXGroup;
			children = (
				2A9A06381C20888600E0CEC1 /* ClassesBackground.jpeg */,
			);
			name = Backgrounds;
			sourceTree = "<group>";
		};
		2AACC7441C15E46A00ABD538 /* Model */ = {
			isa = PBXGroup;
			children = (
				2AACC7451C15E47600ABD538 /* InfoModel.swift */,
				2A99440C1C1704C200A1B891 /* CardbackModel.swift */,
				2A1E2D571C1875F800F3216F /* CardModel.swift */,
				2A1E2D591C18787900F3216F /* MechanicModel.swift */,
			);
			name = Model;
			sourceTree = "<group>";
		};
		2AD72B641C1F06BE007D98E3 /* Images */ = {
			isa = PBXGroup;
			children = (
				2A7D664B1C20C5D400D43550 /* Attributes */,
				2A9A06351C20872100E0CEC1 /* Backgrounds */,
				2A8ED9971C218061003CA96F /* Cards */,
				2AD72B651C1F06C9007D98E3 /* Heroes */,
			);
			name = Images;
			sourceTree = "<group>";
		};
		2AD72B651C1F06C9007D98E3 /* Heroes */ = {
			isa = PBXGroup;
			children = (
				2AD72B661C1F092E007D98E3 /* Druid.png */,
				2AD72B671C1F092E007D98E3 /* Hunter.png */,
				2AD72B681C1F092E007D98E3 /* Mage.png */,
				2AD72B691C1F092E007D98E3 /* Paladin.png */,
				2AD72B6A1C1F092E007D98E3 /* Priest.png */,
				2AD72B6B1C1F092E007D98E3 /* Rogue.png */,
				2AD72B6C1C1F092E007D98E3 /* Shaman.png */,
				2AD72B6D1C1F092E007D98E3 /* Warlock.png */,
				2AD72B6E1C1F092E007D98E3 /* Warrior.png */,
			);
			name = Heroes;
			sourceTree = "<group>";
		};
		2AD72B781C1F09F8007D98E3 /* Views */ = {
			isa = PBXGroup;
			children = (
				2A0BD3F31C127ED500D4F9BF /* LogInViewController.swift */,
				2A9A062B1C20637200E0CEC1 /* ClassesMenuViewController.swift */,
				2A9A06331C207CAE00E0CEC1 /* MenuTableViewController.swift */,
				2A9A063A1C208DF500E0CEC1 /* CardTableViewController.swift */,
				2A7D66541C20CA7600D43550 /* CardTableViewCell.swift */,
				2A993BD51C219F9300C2EF99 /* SearchByNameViewController.swift */,
				2A81E99C1C223C6D00FDC653 /* SearchByAttackViewController.swift */,
				2AB8E6E41C24471400F4828E /* SearchBySetViewController.swift */,
				2AE6DCCA1C2501D500A2613A /* SearchByHealthViewController.swift */,
				2AA05EDF1C25698900DD7393 /* SearchByRarityViewController.swift */,
				2AA05EE51C2578B000DD7393 /* SearchByTypeViewController.swift */,
			);
			name = Views;
			sourceTree = "<group>";
		};
/* End PBXGroup section */

/* Begin PBXNativeTarget section */
		2A2545A51C1216F900089CC9 /* Hearthstone Beginners Guide */ = {
			isa = PBXNativeTarget;
			buildConfigurationList = 2A2545CE1C1216F900089CC9 /* Build configuration list for PBXNativeTarget "Hearthstone Beginners Guide" */;
			buildPhases = (
				2A2545A21C1216F900089CC9 /* Sources */,
				2A2545A31C1216F900089CC9 /* Frameworks */,
				2A2545A41C1216F900089CC9 /* Resources */,
			);
			buildRules = (
			);
			dependencies = (
			);
			name = "Hearthstone Beginners Guide";
			productName = "Hearthstone Beginners Guide";
			productReference = 2A2545A61C1216F900089CC9 /* Hearthstone Beginners Guide.app */;
			productType = "com.apple.product-type.application";
		};
		2A2545B91C1216F900089CC9 /* Hearthstone Beginners GuideTests */ = {
			isa = PBXNativeTarget;
			buildConfigurationList = 2A2545D11C1216F900089CC9 /* Build configuration list for PBXNativeTarget "Hearthstone Beginners GuideTests" */;
			buildPhases = (
				2A2545B61C1216F900089CC9 /* Sources */,
				2A2545B71C1216F900089CC9 /* Frameworks */,
				2A2545B81C1216F900089CC9 /* Resources */,
			);
			buildRules = (
			);
			dependencies = (
				2A2545BC1C1216F900089CC9 /* PBXTargetDependency */,
			);
			name = "Hearthstone Beginners GuideTests";
			productName = "Hearthstone Beginners GuideTests";
			productReference = 2A2545BA1C1216F900089CC9 /* Hearthstone Beginners GuideTests.xctest */;
			productType = "com.apple.product-type.bundle.unit-test";
		};
		2A2545C41C1216F900089CC9 /* Hearthstone Beginners GuideUITests */ = {
			isa = PBXNativeTarget;
			buildConfigurationList = 2A2545D41C1216F900089CC9 /* Build configuration list for PBXNativeTarget "Hearthstone Beginners GuideUITests" */;
			buildPhases = (
				2A2545C11C1216F900089CC9 /* Sources */,
				2A2545C21C1216F900089CC9 /* Frameworks */,
				2A2545C31C1216F900089CC9 /* Resources */,
			);
			buildRules = (
			);
			dependencies = (
				2A2545C71C1216F900089CC9 /* PBXTargetDependency */,
			);
			name = "Hearthstone Beginners GuideUITests";
			productName = "Hearthstone Beginners GuideUITests";
			productReference = 2A2545C51C1216F900089CC9 /* Hearthstone Beginners GuideUITests.xctest */;
			productType = "com.apple.product-type.bundle.ui-testing";
		};
/* End PBXNativeTarget section */

/* Begin PBXProject section */
		2A25459E1C1216F900089CC9 /* Project object */ = {
			isa = PBXProject;
			attributes = {
				LastSwiftUpdateCheck = 0710;
				LastUpgradeCheck = 0710;
				ORGANIZATIONNAME = "Schubert David Rodríguez";
				TargetAttributes = {
					2A2545A51C1216F900089CC9 = {
						CreatedOnToolsVersion = 7.1.1;
						DevelopmentTeam = T26366CZ44;
					};
					2A2545B91C1216F900089CC9 = {
						CreatedOnToolsVersion = 7.1.1;
						DevelopmentTeam = T26366CZ44;
						TestTargetID = 2A2545A51C1216F900089CC9;
					};
					2A2545C41C1216F900089CC9 = {
						CreatedOnToolsVersion = 7.1.1;
						DevelopmentTeam = T26366CZ44;
						TestTargetID = 2A2545A51C1216F900089CC9;
					};
				};
			};
			buildConfigurationList = 2A2545A11C1216F900089CC9 /* Build configuration list for PBXProject "Hearthstone Beginners Guide" */;
			compatibilityVersion = "Xcode 3.2";
			developmentRegion = English;
			hasScannedForEncodings = 0;
			knownRegions = (
				en,
				Base,
			);
			mainGroup = 2A25459D1C1216F900089CC9;
			productRefGroup = 2A2545A71C1216F900089CC9 /* Products */;
			projectDirPath = "";
			projectRoot = "";
			targets = (
				2A2545A51C1216F900089CC9 /* Hearthstone Beginners Guide */,
				2A2545B91C1216F900089CC9 /* Hearthstone Beginners GuideTests */,
				2A2545C41C1216F900089CC9 /* Hearthstone Beginners GuideUITests */,
			);
		};
/* End PBXProject section */

/* Begin PBXResourcesBuildPhase section */
		2A2545A41C1216F900089CC9 /* Resources */ = {
			isa = PBXResourcesBuildPhase;
			buildActionMask = 2147483647;
			files = (
				2A9A06391C20888600E0CEC1 /* ClassesBackground.jpeg in Resources */,
				2A7D664D1C20C5E300D43550 /* mana-crystal.png in Resources */,
				2A7F6A711C232BBF00FED2A6 /* CardAttackExample.png in Resources */,
				2AD72B721C1F092E007D98E3 /* Paladin.png in Resources */,
				2AD72B741C1F092E007D98E3 /* Rogue.png in Resources */,
				2AA05EE21C256D7900DD7393 /* CardRarityExample.png in Resources */,
				2AD72B6F1C1F092E007D98E3 /* Druid.png in Resources */,
				2AE6DCCD1C25076D00A2613A /* CardHealthExample.png in Resources */,
				2A7D66511C20C5F400D43550 /* attack.png in Resources */,
				2A2545B41C1216F900089CC9 /* LaunchScreen.storyboard in Resources */,
				2A2545B11C1216F900089CC9 /* Assets.xcassets in Resources */,
				2AD72B731C1F092E007D98E3 /* Priest.png in Resources */,
				2AA05EEA1C257F4900DD7393 /* CardTypeExample.png in Resources */,
				2AD72B711C1F092E007D98E3 /* Mage.png in Resources */,
				2AD72B701C1F092E007D98E3 /* Hunter.png in Resources */,
				2A8ED99B1C2180A9003CA96F /* CardExampleName.png in Resources */,
				2AD72B771C1F092E007D98E3 /* Warrior.png in Resources */,
				2A2545AF1C1216F900089CC9 /* Main.storyboard in Resources */,
				2AD72B751C1F092E007D98E3 /* Shaman.png in Resources */,
				2A7D664F1C20C5EA00D43550 /* health.png in Resources */,
				2AD72B761C1F092E007D98E3 /* Warlock.png in Resources */,
			);
			runOnlyForDeploymentPostprocessing = 0;
		};
		2A2545B81C1216F900089CC9 /* Resources */ = {
			isa = PBXResourcesBuildPhase;
			buildActionMask = 2147483647;
			files = (
			);
			runOnlyForDeploymentPostprocessing = 0;
		};
		2A2545C31C1216F900089CC9 /* Resources */ = {
			isa = PBXResourcesBuildPhase;
			buildActionMask = 2147483647;
			files = (
			);
			runOnlyForDeploymentPostprocessing = 0;
		};
/* End PBXResourcesBuildPhase section */

/* Begin PBXSourcesBuildPhase section */
		2A2545A21C1216F900089CC9 /* Sources */ = {
			isa = PBXSourcesBuildPhase;
			buildActionMask = 2147483647;
			files = (
				2A99440F1C17068400A1B891 /* CardbackClient.swift in Sources */,
				2A2545AA1C1216F900089CC9 /* AppDelegate.swift in Sources */,
				2AA05EE81C257BF000DD7393 /* TypeEnum.swift in Sources */,
				2AA05EE61C2578B000DD7393 /* SearchByTypeViewController.swift in Sources */,
				2A81E99D1C223C6D00FDC653 /* SearchByAttackViewController.swift in Sources */,
				2A0BD3F41C127ED500D4F9BF /* LogInViewController.swift in Sources */,
				2AA05EE41C256F7700DD7393 /* RarityEnum.swift in Sources */,
				2A1E2D5A1C18787900F3216F /* MechanicModel.swift in Sources */,
				2A993BD61C219F9300C2EF99 /* SearchByNameViewController.swift in Sources */,
				2A00DCF61C1B1903005089F2 /* SearchByClient.swift in Sources */,
				2A7D66551C20CA7600D43550 /* CardTableViewCell.swift in Sources */,
				2A709FB51C19EC020091E08F /* ParameterConstants.swift in Sources */,
				2A9944111C17079200A1B891 /* LocationEnum.swift in Sources */,
				2AE6DCCB1C2501D500A2613A /* SearchByHealthViewController.swift in Sources */,
				2A9A062C1C20637200E0CEC1 /* ClassesMenuViewController.swift in Sources */,
				2A99440D1C1704C200A1B891 /* CardbackModel.swift in Sources */,
				2A1E2D581C1875F800F3216F /* CardModel.swift in Sources */,
				2A75476A1C2306110015F2C9 /* SearchByParameterClient.swift in Sources */,
				2AB8E6E51C24471400F4828E /* SearchBySetViewController.swift in Sources */,
				2A8F80EA1C1915FF00EC01F9 /* CardUtil.swift in Sources */,
				2A9A06341C207CAE00E0CEC1 /* MenuTableViewController.swift in Sources */,
				2A7F6A6D1C23189B00FED2A6 /* SetEnum.swift in Sources */,
				2A709FB21C19E2400091E08F /* SearchByClassClient.swift in Sources */,
				2A00DCF81C1B26F9005089F2 /* EndpointEnum.swift in Sources */,
				2A8BF6221C15E92500300E39 /* InfoClient.swift in Sources */,
				2AACC7461C15E47600ABD538 /* InfoModel.swift in Sources */,
				2A8BF6251C15EA4C00300E39 /* HeroesEnum.swift in Sources */,
				2AA05EE01C25698900DD7393 /* SearchByRarityViewController.swift in Sources */,
				2A9A063B1C208DF500E0CEC1 /* CardTableViewController.swift in Sources */,
			);
			runOnlyForDeploymentPostprocessing = 0;
		};
		2A2545B61C1216F900089CC9 /* Sources */ = {
			isa = PBXSourcesBuildPhase;
			buildActionMask = 2147483647;
			files = (
				2A84D0C41C1ACF26009F1C51 /* SearchByClassClient.swift in Sources */,
				2A9944141C1716F600A1B891 /* CardbackClient.swift in Sources */,
				2A0439E61C19F4FD00E177D6 /* ParameterConstants.swift in Sources */,
				2A2545BF1C1216F900089CC9 /* Hearthstone_Beginners_GuideTests.swift in Sources */,
				2A9944151C1716FB00A1B891 /* CardbackModel.swift in Sources */,
				2A8BF62B1C1602A500300E39 /* InfoClientTest.swift in Sources */,
				2A9944131C1716F100A1B891 /* CardbackClientTest.swift in Sources */,
				2A709FAF1C19D7D80091E08F /* CardModel.swift in Sources */,
				2A709FAD1C19D3640091E08F /* CardUtilTest.swift in Sources */,
				2ACE133E1C1B34580089DE29 /* EndpointEnum.swift in Sources */,
				2A8BF62D1C1602BA00300E39 /* InfoClient.swift in Sources */,
				2A709FAE1C19D3690091E08F /* CardUtil.swift in Sources */,
				2A8BF62E1C1602BD00300E39 /* InfoModel.swift in Sources */,
				2A709FB01C19D7DB0091E08F /* MechanicModel.swift in Sources */,
				2A9944161C1740EA00A1B891 /* LocationEnum.swift in Sources */,
				2A84D0C61C1AD117009F1C51 /* SearchByClassClientTest.swift in Sources */,
				2A8BF62F1C1602C000300E39 /* HeroesEnum.swift in Sources */,
			);
			runOnlyForDeploymentPostprocessing = 0;
		};
		2A2545C11C1216F900089CC9 /* Sources */ = {
			isa = PBXSourcesBuildPhase;
			buildActionMask = 2147483647;
			files = (
				2A2545CA1C1216F900089CC9 /* Hearthstone_Beginners_GuideUITests.swift in Sources */,
			);
			runOnlyForDeploymentPostprocessing = 0;
		};
/* End PBXSourcesBuildPhase section */

/* Begin PBXTargetDependency section */
		2A2545BC1C1216F900089CC9 /* PBXTargetDependency */ = {
			isa = PBXTargetDependency;
			target = 2A2545A51C1216F900089CC9 /* Hearthstone Beginners Guide */;
			targetProxy = 2A2545BB1C1216F900089CC9 /* PBXContainerItemProxy */;
		};
		2A2545C71C1216F900089CC9 /* PBXTargetDependency */ = {
			isa = PBXTargetDependency;
			target = 2A2545A51C1216F900089CC9 /* Hearthstone Beginners Guide */;
			targetProxy = 2A2545C61C1216F900089CC9 /* PBXContainerItemProxy */;
		};
/* End PBXTargetDependency section */

/* Begin PBXVariantGroup section */
		2A2545AD1C1216F900089CC9 /* Main.storyboard */ = {
			isa = PBXVariantGroup;
			children = (
				2A2545AE1C1216F900089CC9 /* Base */,
				2A993BCF1C219C3100C2EF99 /* es-MX */,
				2A993BD11C219C6A00C2EF99 /* pt-PT */,
				2A993BD31C219C7000C2EF99 /* es */,
			);
			name = Main.storyboard;
			sourceTree = "<group>";
		};
		2A2545B21C1216F900089CC9 /* LaunchScreen.storyboard */ = {
			isa = PBXVariantGroup;
			children = (
				2A2545B31C1216F900089CC9 /* Base */,
				2A993BD01C219C3100C2EF99 /* es-MX */,
				2A993BD21C219C6A00C2EF99 /* pt-PT */,
				2A993BD41C219C7000C2EF99 /* es */,
			);
			name = LaunchScreen.storyboard;
			sourceTree = "<group>";
		};
/* End PBXVariantGroup section */

/* Begin XCBuildConfiguration section */
		2A2545CC1C1216F900089CC9 /* Debug */ = {
			isa = XCBuildConfiguration;
			buildSettings = {
				ALWAYS_SEARCH_USER_PATHS = NO;
				CLANG_CXX_LANGUAGE_STANDARD = "gnu++0x";
				CLANG_CXX_LIBRARY = "libc++";
				CLANG_ENABLE_MODULES = YES;
				CLANG_ENABLE_OBJC_ARC = YES;
				CLANG_WARN_BOOL_CONVERSION = YES;
				CLANG_WARN_CONSTANT_CONVERSION = YES;
				CLANG_WARN_DIRECT_OBJC_ISA_USAGE = YES_ERROR;
				CLANG_WARN_EMPTY_BODY = YES;
				CLANG_WARN_ENUM_CONVERSION = YES;
				CLANG_WARN_INT_CONVERSION = YES;
				CLANG_WARN_OBJC_ROOT_CLASS = YES_ERROR;
				CLANG_WARN_UNREACHABLE_CODE = YES;
				CLANG_WARN__DUPLICATE_METHOD_MATCH = YES;
				"CODE_SIGN_IDENTITY[sdk=iphoneos*]" = "iPhone Developer";
				COPY_PHASE_STRIP = NO;
				DEBUG_INFORMATION_FORMAT = dwarf;
				ENABLE_STRICT_OBJC_MSGSEND = YES;
				ENABLE_TESTABILITY = YES;
				GCC_C_LANGUAGE_STANDARD = gnu99;
				GCC_DYNAMIC_NO_PIC = NO;
				GCC_NO_COMMON_BLOCKS = YES;
				GCC_OPTIMIZATION_LEVEL = 0;
				GCC_PREPROCESSOR_DEFINITIONS = (
					"DEBUG=1",
					"$(inherited)",
				);
				GCC_WARN_64_TO_32_BIT_CONVERSION = YES;
				GCC_WARN_ABOUT_RETURN_TYPE = YES_ERROR;
				GCC_WARN_UNDECLARED_SELECTOR = YES;
				GCC_WARN_UNINITIALIZED_AUTOS = YES_AGGRESSIVE;
				GCC_WARN_UNUSED_FUNCTION = YES;
				GCC_WARN_UNUSED_VARIABLE = YES;
				IPHONEOS_DEPLOYMENT_TARGET = 9.1;
				MTL_ENABLE_DEBUG_INFO = YES;
				ONLY_ACTIVE_ARCH = YES;
				SDKROOT = iphoneos;
				SWIFT_OPTIMIZATION_LEVEL = "-Onone";
				TARGETED_DEVICE_FAMILY = "1,2";
			};
			name = Debug;
		};
		2A2545CD1C1216F900089CC9 /* Release */ = {
			isa = XCBuildConfiguration;
			buildSettings = {
				ALWAYS_SEARCH_USER_PATHS = NO;
				CLANG_CXX_LANGUAGE_STANDARD = "gnu++0x";
				CLANG_CXX_LIBRARY = "libc++";
				CLANG_ENABLE_MODULES = YES;
				CLANG_ENABLE_OBJC_ARC = YES;
				CLANG_WARN_BOOL_CONVERSION = YES;
				CLANG_WARN_CONSTANT_CONVERSION = YES;
				CLANG_WARN_DIRECT_OBJC_ISA_USAGE = YES_ERROR;
				CLANG_WARN_EMPTY_BODY = YES;
				CLANG_WARN_ENUM_CONVERSION = YES;
				CLANG_WARN_INT_CONVERSION = YES;
				CLANG_WARN_OBJC_ROOT_CLASS = YES_ERROR;
				CLANG_WARN_UNREACHABLE_CODE = YES;
				CLANG_WARN__DUPLICATE_METHOD_MATCH = YES;
				"CODE_SIGN_IDENTITY[sdk=iphoneos*]" = "iPhone Developer";
				COPY_PHASE_STRIP = NO;
				DEBUG_INFORMATION_FORMAT = "dwarf-with-dsym";
				ENABLE_NS_ASSERTIONS = NO;
				ENABLE_STRICT_OBJC_MSGSEND = YES;
				GCC_C_LANGUAGE_STANDARD = gnu99;
				GCC_NO_COMMON_BLOCKS = YES;
				GCC_WARN_64_TO_32_BIT_CONVERSION = YES;
				GCC_WARN_ABOUT_RETURN_TYPE = YES_ERROR;
				GCC_WARN_UNDECLARED_SELECTOR = YES;
				GCC_WARN_UNINITIALIZED_AUTOS = YES_AGGRESSIVE;
				GCC_WARN_UNUSED_FUNCTION = YES;
				GCC_WARN_UNUSED_VARIABLE = YES;
				IPHONEOS_DEPLOYMENT_TARGET = 9.1;
				MTL_ENABLE_DEBUG_INFO = NO;
				SDKROOT = iphoneos;
				TARGETED_DEVICE_FAMILY = "1,2";
				VALIDATE_PRODUCT = YES;
			};
			name = Release;
		};
		2A2545CF1C1216F900089CC9 /* Debug */ = {
			isa = XCBuildConfiguration;
			buildSettings = {
				ASSETCATALOG_COMPILER_APPICON_NAME = AppIcon;
				FRAMEWORK_SEARCH_PATHS = (
					"$(inherited)",
					"$(PROJECT_DIR)",
				);
				INFOPLIST_FILE = "Hearthstone Beginners Guide/Info.plist";
				IPHONEOS_DEPLOYMENT_TARGET = 8.4;
				LD_RUNPATH_SEARCH_PATHS = "$(inherited) @executable_path/Frameworks";
				PRODUCT_BUNDLE_IDENTIFIER = "IPL.Hearthstone-Beginners-Guide";
				PRODUCT_NAME = "$(TARGET_NAME)";
				TARGETED_DEVICE_FAMILY = "1,2";
			};
			name = Debug;
		};
		2A2545D01C1216F900089CC9 /* Release */ = {
			isa = XCBuildConfiguration;
			buildSettings = {
				ASSETCATALOG_COMPILER_APPICON_NAME = AppIcon;
				FRAMEWORK_SEARCH_PATHS = (
					"$(inherited)",
					"$(PROJECT_DIR)",
				);
				INFOPLIST_FILE = "Hearthstone Beginners Guide/Info.plist";
				IPHONEOS_DEPLOYMENT_TARGET = 8.4;
				LD_RUNPATH_SEARCH_PATHS = "$(inherited) @executable_path/Frameworks";
				PRODUCT_BUNDLE_IDENTIFIER = "IPL.Hearthstone-Beginners-Guide";
				PRODUCT_NAME = "$(TARGET_NAME)";
				TARGETED_DEVICE_FAMILY = "1,2";
			};
			name = Release;
		};
		2A2545D21C1216F900089CC9 /* Debug */ = {
			isa = XCBuildConfiguration;
			buildSettings = {
				BUNDLE_LOADER = "$(TEST_HOST)";
				INFOPLIST_FILE = "Hearthstone Beginners GuideTests/Info.plist";
				LD_RUNPATH_SEARCH_PATHS = "$(inherited) @executable_path/Frameworks @loader_path/Frameworks";
				PRODUCT_BUNDLE_IDENTIFIER = "IPL.Hearthstone-Beginners-GuideTests";
				PRODUCT_NAME = "$(TARGET_NAME)";
				TEST_HOST = "$(BUILT_PRODUCTS_DIR)/Hearthstone Beginners Guide.app/Hearthstone Beginners Guide";
			};
			name = Debug;
		};
		2A2545D31C1216F900089CC9 /* Release */ = {
			isa = XCBuildConfiguration;
			buildSettings = {
				BUNDLE_LOADER = "$(TEST_HOST)";
				INFOPLIST_FILE = "Hearthstone Beginners GuideTests/Info.plist";
				LD_RUNPATH_SEARCH_PATHS = "$(inherited) @executable_path/Frameworks @loader_path/Frameworks";
				PRODUCT_BUNDLE_IDENTIFIER = "IPL.Hearthstone-Beginners-GuideTests";
				PRODUCT_NAME = "$(TARGET_NAME)";
				TEST_HOST = "$(BUILT_PRODUCTS_DIR)/Hearthstone Beginners Guide.app/Hearthstone Beginners Guide";
			};
			name = Release;
		};
		2A2545D51C1216F900089CC9 /* Debug */ = {
			isa = XCBuildConfiguration;
			buildSettings = {
				INFOPLIST_FILE = "Hearthstone Beginners GuideUITests/Info.plist";
				LD_RUNPATH_SEARCH_PATHS = "$(inherited) @executable_path/Frameworks @loader_path/Frameworks";
				PRODUCT_BUNDLE_IDENTIFIER = "IPL.Hearthstone-Beginners-GuideUITests";
				PRODUCT_NAME = "$(TARGET_NAME)";
				TEST_TARGET_NAME = "Hearthstone Beginners Guide";
				USES_XCTRUNNER = YES;
			};
			name = Debug;
		};
		2A2545D61C1216F900089CC9 /* Release */ = {
			isa = XCBuildConfiguration;
			buildSettings = {
				INFOPLIST_FILE = "Hearthstone Beginners GuideUITests/Info.plist";
				LD_RUNPATH_SEARCH_PATHS = "$(inherited) @executable_path/Frameworks @loader_path/Frameworks";
				PRODUCT_BUNDLE_IDENTIFIER = "IPL.Hearthstone-Beginners-GuideUITests";
				PRODUCT_NAME = "$(TARGET_NAME)";
				TEST_TARGET_NAME = "Hearthstone Beginners Guide";
				USES_XCTRUNNER = YES;
			};
			name = Release;
		};
/* End XCBuildConfiguration section */

/* Begin XCConfigurationList section */
		2A2545A11C1216F900089CC9 /* Build configuration list for PBXProject "Hearthstone Beginners Guide" */ = {
			isa = XCConfigurationList;
			buildConfigurations = (
				2A2545CC1C1216F900089CC9 /* Debug */,
				2A2545CD1C1216F900089CC9 /* Release */,
			);
			defaultConfigurationIsVisible = 0;
			defaultConfigurationName = Release;
		};
		2A2545CE1C1216F900089CC9 /* Build configuration list for PBXNativeTarget "Hearthstone Beginners Guide" */ = {
			isa = XCConfigurationList;
			buildConfigurations = (
				2A2545CF1C1216F900089CC9 /* Debug */,
				2A2545D01C1216F900089CC9 /* Release */,
			);
			defaultConfigurationIsVisible = 0;
			defaultConfigurationName = Release;
		};
		2A2545D11C1216F900089CC9 /* Build configuration list for PBXNativeTarget "Hearthstone Beginners GuideTests" */ = {
			isa = XCConfigurationList;
			buildConfigurations = (
				2A2545D21C1216F900089CC9 /* Debug */,
				2A2545D31C1216F900089CC9 /* Release */,
			);
			defaultConfigurationIsVisible = 0;
			defaultConfigurationName = Release;
		};
		2A2545D41C1216F900089CC9 /* Build configuration list for PBXNativeTarget "Hearthstone Beginners GuideUITests" */ = {
			isa = XCConfigurationList;
			buildConfigurations = (
				2A2545D51C1216F900089CC9 /* Debug */,
				2A2545D61C1216F900089CC9 /* Release */,
			);
			defaultConfigurationIsVisible = 0;
			defaultConfigurationName = Release;
		};
/* End XCConfigurationList section */
	};
	rootObject = 2A25459E1C1216F900089CC9 /* Project object */;
}
